{
  "nodes": {
    "darwin-comenzar": {
      "inputs": {
        "flake-utils": [
          "flake-utils"
        ],
        "nixpkgs": [
          "darwin-nixpkgs"
        ]
      },
      "locked": {
        "lastModified": 1722758876,
        "narHash": "sha256-H0ZMvVihjnugjBh+/mk8vOhPDcLqRWnYa2X44XLBX5I=",
        "ref": "refs/heads/main",
        "rev": "43c51ed7396ac3159cd3efe7611bf41d0f84e5ff",
        "revCount": 39,
        "type": "git",
        "url": "https://github.com/kivikakk/comenzar"
      },
      "original": {
        "type": "git",
        "url": "https://github.com/kivikakk/comenzar"
      }
    },
    "darwin-home-manager": {
      "inputs": {
        "nixpkgs": [
          "darwin-nixpkgs"
        ]
      },
      "locked": {
        "lastModified": 1726989464,
        "narHash": "sha256-Vl+WVTJwutXkimwGprnEtXc/s/s8sMuXzqXaspIGlwM=",
        "owner": "nix-community",
        "repo": "home-manager",
        "rev": "2f23fa308a7c067e52dfcc30a0758f47043ec176",
        "type": "github"
      },
      "original": {
        "owner": "nix-community",
        "ref": "release-24.05",
        "repo": "home-manager",
        "type": "github"
      }
    },
    "darwin-nix-darwin": {
      "inputs": {
        "nixpkgs": [
          "darwin-nixpkgs"
        ]
      },
      "locked": {
        "lastModified": 1727003835,
        "narHash": "sha256-Cfllbt/ADfO8oxbT984MhPHR6FJBaglsr1SxtDGbpec=",
        "owner": "LnL7",
        "repo": "nix-darwin",
        "rev": "bd7d1e3912d40f799c5c0f7e5820ec950f1e0b3d",
        "type": "github"
      },
      "original": {
        "owner": "LnL7",
        "ref": "master",
        "repo": "nix-darwin",
        "type": "github"
      }
    },
    "darwin-nixpkgs": {
      "locked": {
        "lastModified": 1727355657,
        "narHash": "sha256-KnZn9XzT6m1S0ZwK+mHjHZqtf/dvK+1l8XPaQtTEXx4=",
        "owner": "NixOS",
        "repo": "nixpkgs",
        "rev": "8f7b5c93796b5502f4b877f9bb118a741e98ae78",
        "type": "github"
      },
      "original": {
        "owner": "NixOS",
        "ref": "nixpkgs-24.05-darwin",
        "repo": "nixpkgs",
        "type": "github"
      }
    },
    "darwin-sops-nix": {
      "inputs": {
        "nixpkgs": [
          "darwin-nixpkgs"
        ],
        "nixpkgs-stable": "nixpkgs-stable"
      },
      "locked": {
        "lastModified": 1727423009,
        "narHash": "sha256-+4B/dQm2EnORIk0k2wV3aHGaE0WXTBjColXjj7qWh10=",
        "owner": "Mic92",
        "repo": "sops-nix",
        "rev": "127a96f49ddc377be6ba76964411bab11ae27803",
        "type": "github"
      },
      "original": {
        "owner": "Mic92",
        "repo": "sops-nix",
        "type": "github"
      }
    },
    "flake-utils": {
      "inputs": {
        "systems": "systems"
      },
      "locked": {
        "lastModified": 1726560853,
        "narHash": "sha256-X6rJYSESBVr3hBoH0WbKE5KvhPU5bloyZ2L4K60/fPQ=",
        "owner": "numtide",
        "repo": "flake-utils",
        "rev": "c1dfcf08411b08f6b8615f7d8971a2bfa81d5e8a",
        "type": "github"
      },
      "original": {
        "owner": "numtide",
        "repo": "flake-utils",
        "type": "github"
      }
    },
    "nixpkgs-stable": {
      "locked": {
        "lastModified": 1725762081,
        "narHash": "sha256-vNv+aJUW5/YurRy1ocfvs4q/48yVESwlC/yHzjkZSP8=",
        "owner": "NixOS",
        "repo": "nixpkgs",
        "rev": "dc454045f5b5d814e5862a6d057e7bb5c29edc05",
        "type": "github"
      },
      "original": {
        "owner": "NixOS",
        "ref": "release-24.05",
        "repo": "nixpkgs",
        "type": "github"
      }
    },
    "nixpkgs-stable_2": {
      "locked": {
        "lastModified": 1725762081,
        "narHash": "sha256-vNv+aJUW5/YurRy1ocfvs4q/48yVESwlC/yHzjkZSP8=",
        "owner": "NixOS",
        "repo": "nixpkgs",
        "rev": "dc454045f5b5d814e5862a6d057e7bb5c29edc05",
        "type": "github"
      },
      "original": {
        "owner": "NixOS",
        "ref": "release-24.05",
        "repo": "nixpkgs",
        "type": "github"
      }
    },
    "root": {
      "inputs": {
        "darwin-comenzar": "darwin-comenzar",
        "darwin-home-manager": "darwin-home-manager",
        "darwin-nix-darwin": "darwin-nix-darwin",
        "darwin-nixpkgs": "darwin-nixpkgs",
        "darwin-sops-nix": "darwin-sops-nix",
        "flake-utils": "flake-utils",
        "unstable-comenzar": "unstable-comenzar",
        "unstable-furpoll": "unstable-furpoll",
        "unstable-home-manager": "unstable-home-manager",
        "unstable-nixos-hardware": "unstable-nixos-hardware",
        "unstable-nixpkgs": "unstable-nixpkgs",
        "unstable-plasma-manager": "unstable-plasma-manager",
        "unstable-sops-nix": "unstable-sops-nix"
      }
    },
    "systems": {
      "locked": {
        "lastModified": 1681028828,
        "narHash": "sha256-Vy1rq5AaRuLzOxct8nz4T6wlgyUR7zLU309k9mBC768=",
        "owner": "nix-systems",
        "repo": "default",
        "rev": "da67096a3b9bf56a91d16901293e51ba5b49a27e",
        "type": "github"
      },
      "original": {
        "owner": "nix-systems",
        "repo": "default",
        "type": "github"
      }
    },
    "unstable-comenzar": {
      "inputs": {
        "flake-utils": [
          "flake-utils"
        ],
        "nixpkgs": [
          "unstable-nixpkgs"
        ]
      },
      "locked": {
        "lastModified": 1722758876,
        "narHash": "sha256-H0ZMvVihjnugjBh+/mk8vOhPDcLqRWnYa2X44XLBX5I=",
        "ref": "refs/heads/main",
        "rev": "43c51ed7396ac3159cd3efe7611bf41d0f84e5ff",
        "revCount": 39,
        "type": "git",
        "url": "https://github.com/kivikakk/comenzar"
      },
      "original": {
        "type": "git",
        "url": "https://github.com/kivikakk/comenzar"
      }
    },
    "unstable-furpoll": {
      "inputs": {
        "flake-utils": [
          "flake-utils"
        ],
        "nixpkgs": [
          "unstable-nixpkgs"
        ]
      },
      "locked": {
        "lastModified": 1721983933,
        "narHash": "sha256-pr/xw1Dpmsz4wVU5FX2oiUVgOgxaec+xArBIbLBTeU4=",
        "ref": "refs/heads/main",
        "rev": "8c6f0d2e3507a9015cc10fc5930b9106a3497ba1",
        "revCount": 11,
        "type": "git",
        "url": "https://github.com/kivikakk/furpoll"
      },
      "original": {
        "type": "git",
        "url": "https://github.com/kivikakk/furpoll"
      }
    },
    "unstable-home-manager": {
      "inputs": {
        "nixpkgs": [
          "unstable-nixpkgs"
        ]
      },
      "locked": {
        "lastModified": 1727383923,
        "narHash": "sha256-4/vacp3CwdGoPf8U4e/N8OsGYtO09WTcQK5FqYfJbKs=",
        "owner": "nix-community",
        "repo": "home-manager",
        "rev": "ffe2d07e771580a005e675108212597e5b367d2d",
        "type": "github"
      },
      "original": {
        "owner": "nix-community",
        "repo": "home-manager",
        "type": "github"
      }
    },
    "unstable-nixos-hardware": {
      "locked": {
        "lastModified": 1727437159,
        "narHash": "sha256-v4qLwEw5OmprgQZTT7KZMNU7JjXJzRypw8+Cw6++fWk=",
        "owner": "NixOS",
        "repo": "nixos-hardware",
        "rev": "d830ad47cc992b4a46b342bbc79694cbd0e980b2",
        "type": "github"
      },
      "original": {
        "owner": "NixOS",
        "repo": "nixos-hardware",
        "type": "github"
      }
    },
    "unstable-nixpkgs": {
      "locked": {
        "lastModified": 1727348695,
        "narHash": "sha256-J+PeFKSDV+pHL7ukkfpVzCOO7mBSrrpJ3svwBFABbhI=",
        "owner": "NixOS",
        "repo": "nixpkgs",
        "rev": "1925c603f17fc89f4c8f6bf6f631a802ad85d784",
        "type": "github"
      },
      "original": {
        "owner": "NixOS",
        "ref": "nixos-unstable",
        "repo": "nixpkgs",
        "type": "github"
      }
    },
    "unstable-plasma-manager": {
      "inputs": {
        "home-manager": [
          "unstable-home-manager"
        ],
        "nixpkgs": [
          "unstable-nixpkgs"
        ]
      },
      "locked": {
        "lastModified": 1727463368,
        "narHash": "sha256-5glMknkwQejUrKy28iy/kCFlSMwHcVyf/whmxqD0ggk=",
        "owner": "nix-community",
        "repo": "plasma-manager",
        "rev": "29ad64f0ac4ae84710dfeb1d37572d95c94cbfd8",
        "type": "github"
      },
      "original": {
        "owner": "nix-community",
        "repo": "plasma-manager",
        "type": "github"
      }
    },
    "unstable-sops-nix": {
      "inputs": {
        "nixpkgs": [
          "unstable-nixpkgs"
        ],
        "nixpkgs-stable": "nixpkgs-stable_2"
      },
      "locked": {
        "lastModified": 1727423009,
        "narHash": "sha256-+4B/dQm2EnORIk0k2wV3aHGaE0WXTBjColXjj7qWh10=",
        "owner": "Mic92",
        "repo": "sops-nix",
        "rev": "127a96f49ddc377be6ba76964411bab11ae27803",
        "type": "github"
      },
      "original": {
        "owner": "Mic92",
        "repo": "sops-nix",
        "type": "github"
      }
    }
  },
  "root": "root",
  "version": 7
}
